
Microsoft Visual Studio Solution File, Format Version 12.00
# Visual Studio Version 17
VisualStudioVersion = 17.2.32516.85
MinimumVisualStudioVersion = 10.0.40219.1
Project("{9A19103F-16F7-4668-BE54-9A1E7A4F7556}") = "Skyward", "Skyward\Skyward.csproj", "{A172EDCB-4B85-4652-8009-10517DD8DE7B}"
EndProject
Project("{FAE04EC0-301F-11D3-BF4B-00C04F79EFBC}") = "SkywardTests", "SkywardTests\SkywardTests.csproj", "{C048814D-05FE-403F-8437-A97233F4DEB9}"
EndProject
Global
	GlobalSection(SolutionConfigurationPlatforms) = preSolution
		Debug|Any CPU = Debug|Any CPU
		Release|Any CPU = Release|Any CPU
	EndGlobalSection
	GlobalSection(ProjectConfigurationPlatforms) = postSolution
		{A172EDCB-4B85-4652-8009-10517DD8DE7B}.Debug|Any CPU.ActiveCfg = Debug|Any CPU
		{A172EDCB-4B85-4652-8009-10517DD8DE7B}.Debug|Any CPU.Build.0 = Debug|Any CPU
		{A172EDCB-4B85-4652-8009-10517DD8DE7B}.Release|Any CPU.ActiveCfg = Release|Any CPU
		{A172EDCB-4B85-4652-8009-10517DD8DE7B}.Release|Any CPU.Build.0 = Release|Any CPU
		{C048814D-05FE-403F-8437-A97233F4DEB9}.Debug|Any CPU.ActiveCfg = Debug|Any CPU
		{C048814D-05FE-403F-8437-A97233F4DEB9}.Debug|Any CPU.Build.0 = Debug|Any CPU
		{C048814D-05FE-403F-8437-A97233F4DEB9}.Release|Any CPU.ActiveCfg = Release|Any CPU
		{C048814D-05FE-403F-8437-A97233F4DEB9}.Release|Any CPU.Build.0 = Release|Any CPU
	EndGlobalSection
	GlobalSection(SolutionProperties) = preSolution
		HideSolutionNode = FALSE
	EndGlobalSection
	GlobalSection(ExtensibilityGlobals) = postSolution
		SolutionGuid = {C6FFE7F3-A04D-464A-AC28-D33914710EC5}
	EndGlobalSection
EndGlobal
